
Microsoft Visual Studio Solution File, Format Version 11.00
# Visual Studio 2010
Project("{FAE04EC0-301F-11D3-BF4B-00C04F79EFBC}") = "Assembly-CSharp", "Assembly-CSharp.csproj", "{BBA140CA-88A5-812B-ADAB-A3E904112E7D}"
EndProject
Global
	GlobalSection(SolutionConfigurationPlatforms) = preSolution
		Debug|Any CPU = Debug|Any CPU
		Release|Any CPU = Release|Any CPU
	EndGlobalSection
	GlobalSection(ProjectConfigurationPlatforms) = postSolution
		{BBA140CA-88A5-812B-ADAB-A3E904112E7D}.Debug|Any CPU.ActiveCfg = Debug|Any CPU
		{BBA140CA-88A5-812B-ADAB-A3E904112E7D}.Debug|Any CPU.Build.0 = Debug|Any CPU
		{BBA140CA-88A5-812B-ADAB-A3E904112E7D}.Release|Any CPU.ActiveCfg = Release|Any CPU
		{BBA140CA-88A5-812B-ADAB-A3E904112E7D}.Release|Any CPU.Build.0 = Release|Any CPU
	EndGlobalSection
	GlobalSection(SolutionProperties) = preSolution
		HideSolutionNode = FALSE
	EndGlobalSection
	GlobalSection(MonoDevelopProperties) = preSolution
		StartupItem = Assembly-CSharp.csproj
	EndGlobalSection
EndGlobal
